# This file is autogenerated, do not edit; changes may be undone by the next 'dep ensure'.


[[projects]]
  branch = "master"
  name = "github.com/golang/example"
  packages = ["stringutil"]
  revision = "46695d81d1fae905a270fb7db8a4d11a334562fe"

[solve-meta]
  analyzer-name = "dep"
  analyzer-version = 1
  inputs-digest = "1c1f5f4578d83699522cc02b71d008819c5af0470fad40e84590a819cc8d0128"
  solver-name = "gps-cdcl"
  solver-version = 1
